# This file was autogenerated by Juvix version 0.6.9.
# Do not edit this file manually.

version: 2
checksum: 88584b35e6e328c5078e40da53a2b379e337a796065a4b4175afce112ad84de0
dependencies:
- path: ../
  dependencies: []
- git:
    name: anoma_juvix-quickcheck
    ref: 1228f622c675ec6ecb0f284aab584afc2b41b43a
    url: https://github.com/anoma/juvix-quickcheck
  dependencies:
  - path: .juvix-build/0.6.9/stdlib/
    dependencies: []
- git:
    name: anoma_juvix-test
    ref: 9295218c06e69f5cc747ea650a7ab4442639b8bc
    url: https://github.com/anoma/juvix-test
  dependencies:
  - path: .juvix-build/0.6.9/stdlib/
    dependencies: []
