# This file was autogenerated by Juvix version 0.6.9.
# Do not edit this file manually.

version: 2
checksum: 951fe4cc101119202fcc2766235b761ba2dd5fd3a9c5aa967cbc2cfb36fa6336
dependencies:
- path: ../
  dependencies: []
- git:
    name: anoma_juvix-quickcheck
    ref: a78bf8da2e14f639f57e2f5e73f6a82fd3a8ff86
    url: https://github.com/anoma/juvix-quickcheck
  dependencies:
  - path: .juvix-build/0.6.9/stdlib/
    dependencies: []
- git:
    name: anoma_juvix-test
    ref: d093e3dcc3caaea48433059810b671e38cfb02f7
    url: https://github.com/anoma/juvix-test
  dependencies:
  - path: .juvix-build/0.6.9/stdlib/
    dependencies: []
