# This file was autogenerated by Juvix version 0.6.5.
# Do not edit this file manually.

version: 2
checksum: 74c7b4f7ff78859f15da9fa14ede6df5397c698d1efdcd5cc0f435d5cbb59e9d
dependencies:
- path: ../
  dependencies: []
- git:
    name: anoma_juvix-quickcheck
    ref: 104c749950480ed5dad42c7385a020ff31ca8875
    url: https://github.com/anoma/juvix-quickcheck
  dependencies:
  - git:
      name: anoma_juvix-stdlib
      ref: 0ca2d5181e7c98eceace5c12bfd0a8cfb3d4d132
      url: https://github.com/anoma/juvix-stdlib
    dependencies: []
